
Microsoft Visual Studio Solution File, Format Version 12.00
# Visual Studio Version 16
VisualStudioVersion = 16.0.31424.327
MinimumVisualStudioVersion = 10.0.40219.1
Project("{FAE04EC0-301F-11D3-BF4B-00C04F79EFBC}") = "Persona", "Persona\Persona.csproj", "{7D917BF8-8114-427E-987A-3384603B992E}"
EndProject
Global
	GlobalSection(SolutionConfigurationPlatforms) = preSolution
		Debug|Any CPU = Debug|Any CPU
		Release|Any CPU = Release|Any CPU
	EndGlobalSection
	GlobalSection(ProjectConfigurationPlatforms) = postSolution
		{7D917BF8-8114-427E-987A-3384603B992E}.Debug|Any CPU.ActiveCfg = Debug|Any CPU
		{7D917BF8-8114-427E-987A-3384603B992E}.Debug|Any CPU.Build.0 = Debug|Any CPU
		{7D917BF8-8114-427E-987A-3384603B992E}.Release|Any CPU.ActiveCfg = Release|Any CPU
		{7D917BF8-8114-427E-987A-3384603B992E}.Release|Any CPU.Build.0 = Release|Any CPU
	EndGlobalSection
	GlobalSection(SolutionProperties) = preSolution
		HideSolutionNode = FALSE
	EndGlobalSection
	GlobalSection(ExtensibilityGlobals) = postSolution
		SolutionGuid = {D83875F2-8F31-4961-8276-87D47E3C92C3}
	EndGlobalSection
EndGlobal
